
Microsoft Visual Studio Solution File, Format Version 12.00
# Visual Studio 15
VisualStudioVersion = 15.0.27428.2037
MinimumVisualStudioVersion = 10.0.40219.1
Project("{FAE04EC0-301F-11D3-BF4B-00C04F79EFBC}") = "LoadBalancer", "LoadBalancer\LoadBalancer.csproj", "{58865353-FAC9-480B-806D-944840F262EE}"
EndProject
Global
	GlobalSection(SolutionConfigurationPlatforms) = preSolution
		Debug|Any CPU = Debug|Any CPU
		Release|Any CPU = Release|Any CPU
	EndGlobalSection
	GlobalSection(ProjectConfigurationPlatforms) = postSolution
		{58865353-FAC9-480B-806D-944840F262EE}.Debug|Any CPU.ActiveCfg = Debug|Any CPU
		{58865353-FAC9-480B-806D-944840F262EE}.Debug|Any CPU.Build.0 = Debug|Any CPU
		{58865353-FAC9-480B-806D-944840F262EE}.Release|Any CPU.ActiveCfg = Release|Any CPU
		{58865353-FAC9-480B-806D-944840F262EE}.Release|Any CPU.Build.0 = Release|Any CPU
	EndGlobalSection
	GlobalSection(SolutionProperties) = preSolution
		HideSolutionNode = FALSE
	EndGlobalSection
	GlobalSection(ExtensibilityGlobals) = postSolution
		SolutionGuid = {EAB7984F-6E49-482B-AE2B-3A7894583C87}
	EndGlobalSection
EndGlobal
