
Microsoft Visual Studio Solution File, Format Version 12.00
# Visual Studio 15
VisualStudioVersion = 15.0.27703.2035
MinimumVisualStudioVersion = 10.0.40219.1
Project("{FAE04EC0-301F-11D3-BF4B-00C04F79EFBC}") = "Simulator", "Simulator\Simulator.csproj", "{682BD815-9CE1-457C-BF47-F5459BBE354F}"
EndProject
Global
	GlobalSection(SolutionConfigurationPlatforms) = preSolution
		Debug|Any CPU = Debug|Any CPU
		Debug|x64 = Debug|x64
		Release|Any CPU = Release|Any CPU
		Release|x64 = Release|x64
	EndGlobalSection
	GlobalSection(ProjectConfigurationPlatforms) = postSolution
		{682BD815-9CE1-457C-BF47-F5459BBE354F}.Debug|Any CPU.ActiveCfg = Debug|Any CPU
		{682BD815-9CE1-457C-BF47-F5459BBE354F}.Debug|Any CPU.Build.0 = Debug|Any CPU
		{682BD815-9CE1-457C-BF47-F5459BBE354F}.Debug|x64.ActiveCfg = Debug|x64
		{682BD815-9CE1-457C-BF47-F5459BBE354F}.Debug|x64.Build.0 = Debug|x64
		{682BD815-9CE1-457C-BF47-F5459BBE354F}.Release|Any CPU.ActiveCfg = Release|Any CPU
		{682BD815-9CE1-457C-BF47-F5459BBE354F}.Release|Any CPU.Build.0 = Release|Any CPU
		{682BD815-9CE1-457C-BF47-F5459BBE354F}.Release|x64.ActiveCfg = Release|x64
		{682BD815-9CE1-457C-BF47-F5459BBE354F}.Release|x64.Build.0 = Release|x64
	EndGlobalSection
	GlobalSection(SolutionProperties) = preSolution
		HideSolutionNode = FALSE
	EndGlobalSection
	GlobalSection(ExtensibilityGlobals) = postSolution
		SolutionGuid = {1B1C97A7-B20E-4B6C-8533-2BE3B788D410}
	EndGlobalSection
EndGlobal
